<?xml version="1.0" encoding="utf-8"?>
<Project ToolsVersion="4.0" xmlns="http://schemas.microsoft.com/developer/msbuild/2003">
  <ItemGroup>
    <ClCompile Include="Main.cpp" />
    <ClCompile Include="Pch.cpp" />
    <ClCompile Include="Window.cpp" />
    <ClCompile Include="Application.cpp" />
    <ClCompile Include="Camera.cpp" />
    <ClCompile Include="Model.cpp" />
    <ClCompile Include="Timer.cpp" />
    <ClCompile Include="..\External\simdjson\simdjson.cpp">
      <Filter>External\simdjson</Filter>
    </ClCompile>
    <ClCompile Include="..\External\ImGui\imgui.cpp">
      <Filter>External\ImGui</Filter>
    </ClCompile>
    <ClCompile Include="..\External\ImGui\imgui_demo.cpp">
      <Filter>External\ImGui</Filter>
    </ClCompile>
    <ClCompile Include="..\External\ImGui\imgui_draw.cpp">
      <Filter>External\ImGui</Filter>
    </ClCompile>
    <ClCompile Include="..\External\ImGui\imgui_impl_dx11.cpp">
      <Filter>External\ImGui</Filter>
    </ClCompile>
    <ClCompile Include="..\External\ImGui\imgui_impl_win32.cpp">
      <Filter>External\ImGui</Filter>
    </ClCompile>
    <ClCompile Include="..\External\ImGui\imgui_stdlib.cpp">
      <Filter>External\ImGui</Filter>
    </ClCompile>
    <ClCompile Include="..\External\ImGui\imgui_tables.cpp">
      <Filter>External\ImGui</Filter>
    </ClCompile>
    <ClCompile Include="..\External\ImGui\imgui_widgets.cpp">
      <Filter>External\ImGui</Filter>
    </ClCompile>
    <ClCompile Include="..\External\ImGui\implot.cpp">
      <Filter>External\ImGui</Filter>
    </ClCompile>
    <ClCompile Include="..\External\ImGui\implot_demo.cpp">
      <Filter>External\ImGui</Filter>
    </ClCompile>
    <ClCompile Include="..\External\ImGui\implot_items.cpp">
      <Filter>External\ImGui</Filter>
    </ClCompile>
    <ClCompile Include="InfoComponent.cpp" />
    <ClCompile Include="ViewportComponent.cpp" />
    <ClCompile Include="DxRenderer.cpp" />
    <ClCompile Include="DxShader.cpp" />
    <ClCompile Include="..\External\DDSTextureLoader\DDSTextureLoader.cpp">
      <Filter>External\DDSTextureLoader</Filter>
    </ClCompile>
  </ItemGroup>
  <ItemGroup>
    <ClInclude Include="Pch.h" />
    <ClInclude Include="Window.h" />
    <ClInclude Include="Application.h" />
    <ClInclude Include="Camera.h" />
    <ClInclude Include="Model.h" />
    <ClInclude Include="PointLight.h" />
    <ClInclude Include="Timer.h" />
    <ClInclude Include="..\External\simdjson\simdjson.h">
      <Filter>External\simdjson</Filter>
    </ClInclude>
    <ClInclude Include="..\External\ImGui\imconfig.h">
      <Filter>External\ImGui</Filter>
    </ClInclude>
    <ClInclude Include="..\External\ImGui\imgui.h">
      <Filter>External\ImGui</Filter>
    </ClInclude>
    <ClInclude Include="..\External\ImGui\imgui_impl_dx11.h">
      <Filter>External\ImGui</Filter>
    </ClInclude>
    <ClInclude Include="..\External\ImGui\imgui_impl_win32.h">
      <Filter>External\ImGui</Filter>
    </ClInclude>
    <ClInclude Include="..\External\ImGui\imgui_internal.h">
      <Filter>External\ImGui</Filter>
    </ClInclude>
    <ClInclude Include="..\External\ImGui\imgui_stdlib.h">
      <Filter>External\ImGui</Filter>
    </ClInclude>
    <ClInclude Include="..\External\ImGui\implot.h">
      <Filter>External\ImGui</Filter>
    </ClInclude>
    <ClInclude Include="..\External\ImGui\implot_internal.h">
      <Filter>External\ImGui</Filter>
    </ClInclude>
    <ClInclude Include="..\External\ImGui\imstb_rectpack.h">
      <Filter>External\ImGui</Filter>
    </ClInclude>
    <ClInclude Include="..\External\ImGui\imstb_textedit.h">
      <Filter>External\ImGui</Filter>
    </ClInclude>
    <ClInclude Include="..\External\ImGui\imstb_truetype.h">
      <Filter>External\ImGui</Filter>
    </ClInclude>
    <ClInclude Include="InfoComponent.h" />
    <ClInclude Include="ViewportComponent.h" />
    <ClInclude Include="DxRenderer.h" />
    <ClInclude Include="DxShader.h" />
    <ClInclude Include="..\External\DDSTextureLoader\DDSTextureLoader.h">
      <Filter>External\DDSTextureLoader</Filter>
    </ClInclude>
  </ItemGroup>
  <ItemGroup>
    <Filter Include="External">
      <UniqueIdentifier>{96d7985b-af3e-49dc-9731-d73b665ae19e}</UniqueIdentifier>
    </Filter>
    <Filter Include="External\simdjson">
      <UniqueIdentifier>{0c7b3fe7-8d53-44d8-88fe-3a7e2a2ebf2b}</UniqueIdentifier>
    </Filter>
    <Filter Include="External\ImGui">
      <UniqueIdentifier>{1e9c3fb4-0e69-4763-9840-abdd0f4067c6}</UniqueIdentifier>
    </Filter>
    <Filter Include="Shaders">
      <UniqueIdentifier>{1a9a9198-7391-4406-8ccf-34f9875dadb6}</UniqueIdentifier>
    </Filter>
    <Filter Include="External\DDSTextureLoader">
      <UniqueIdentifier>{d7576ea3-c921-42e2-820e-8e3419985585}</UniqueIdentifier>
    </Filter>
  </ItemGroup>
  <ItemGroup>
    <FxCompile Include="PixelShader.hlsl">
      <Filter>Shaders</Filter>
    </FxCompile>
    <FxCompile Include="VertexShader.hlsl">
      <Filter>Shaders</Filter>
    </FxCompile>
  </ItemGroup>
  <ItemGroup>
    <None Include="ShaderData.hlsli">
      <Filter>Shaders</Filter>
    </None>
  </ItemGroup>
</Project>