<?xml version="1.0" encoding="utf-8"?>
<Project ToolsVersion="4.0" xmlns="http://schemas.microsoft.com/developer/msbuild/2003">
  <ItemGroup>
    <ClCompile Include="Main.cpp" />
    <ClCompile Include="Pch.cpp" />
    <ClCompile Include="Windows\Window.cpp" />
    <ClCompile Include="Application.cpp" />
    <ClCompile Include="Rendering\DxRenderer.cpp" />
    <ClCompile Include="ImGui\imgui.cpp" />
    <ClCompile Include="ImGui\imgui_demo.cpp" />
    <ClCompile Include="ImGui\imgui_draw.cpp" />
    <ClCompile Include="ImGui\imgui_widgets.cpp" />
    <ClCompile Include="ImGui\imgui_impl_dx11.cpp" />
    <ClCompile Include="ImGui\imgui_impl_win32.cpp" />
    <ClCompile Include="ImGui\imgui_stdlib.cpp" />
    <ClCompile Include="ImGui\imgui_tables.cpp" />
    <ClCompile Include="Components\ViewportComponent.cpp" />
    <ClCompile Include="Components\InfoComponent.cpp" />
    <ClCompile Include="Rendering\DxShader.cpp" />
    <ClCompile Include="Camera.cpp" />
    <ClCompile Include="Model.cpp" />
    <ClCompile Include="Timer.cpp" />
    <ClCompile Include="ImGui\implot.cpp" />
    <ClCompile Include="ImGui\implot_items.cpp" />
    <ClCompile Include="ImGui\implot_demo.cpp" />
  </ItemGroup>
  <ItemGroup>
    <ClInclude Include="Pch.h" />
    <ClInclude Include="Windows\Window.h" />
    <ClInclude Include="Application.h" />
    <ClInclude Include="Rendering\DxRenderer.h" />
    <ClInclude Include="ImGui\imgui.h" />
    <ClInclude Include="ImGui\imgui_internal.h" />
    <ClInclude Include="ImGui\imconfig.h" />
    <ClInclude Include="ImGui\imstb_rectpack.h" />
    <ClInclude Include="ImGui\imstb_textedit.h" />
    <ClInclude Include="ImGui\imstb_truetype.h" />
    <ClInclude Include="ImGui\imgui_impl_dx11.h" />
    <ClInclude Include="ImGui\imgui_impl_win32.h" />
    <ClInclude Include="ImGui\imgui_stdlib.h" />
    <ClInclude Include="Components\ViewportComponent.h" />
    <ClInclude Include="Components\InfoComponent.h" />
    <ClInclude Include="Rendering\DxShader.h" />
    <ClInclude Include="Camera.h" />
    <ClInclude Include="Model.h" />
    <ClInclude Include="TinyGltf\json.hpp" />
    <ClInclude Include="TinyGltf\stb_image.h" />
    <ClInclude Include="TinyGltf\stb_image_write.h" />
    <ClInclude Include="TinyGltf\tiny_gltf.h" />
    <ClInclude Include="PointLight.h" />
    <ClInclude Include="Timer.h" />
    <ClInclude Include="ImGui\implot.h" />
    <ClInclude Include="ImGui\implot_internal.h" />
  </ItemGroup>
  <ItemGroup>
    <None Include="imgui.ini" />
    <None Include="Rendering\Shaders\ShaderData.hlsli" />
  </ItemGroup>
  <ItemGroup>
    <FxCompile Include="Rendering\Shaders\PixelShader.hlsl" />
    <FxCompile Include="Rendering\Shaders\VertexShader.hlsl" />
  </ItemGroup>
</Project>